
Microsoft Visual Studio Solution File, Format Version 12.00
# Visual Studio Version 17
VisualStudioVersion = 17.1.32210.238
MinimumVisualStudioVersion = 10.0.40219.1
Project("{9A19103F-16F7-4668-BE54-9A1E7A4F7556}") = "StacksQueues", "StacksQueues\StacksQueues.csproj", "{D87416C7-7899-4AF0-8517-5F3592DE51F6}"
EndProject
Project("{9A19103F-16F7-4668-BE54-9A1E7A4F7556}") = "3_1", "3_1\3_1.csproj", "{93989442-EDBA-4ABC-9E93-61E0B7A37100}"
EndProject
Project("{9A19103F-16F7-4668-BE54-9A1E7A4F7556}") = "3_2", "3_2\3_2.csproj", "{E5A6264E-F760-49D1-B46C-8A8020496C11}"
EndProject
Project("{9A19103F-16F7-4668-BE54-9A1E7A4F7556}") = "3_3", "3_3\3_3.csproj", "{9C6EFB87-AEE8-4D33-986E-61B6B8D9FA17}"
EndProject
Project("{9A19103F-16F7-4668-BE54-9A1E7A4F7556}") = "3_4", "3_4\3_4.csproj", "{18AA557D-F79A-41AD-8364-C5871E333B79}"
EndProject
Project("{FAE04EC0-301F-11D3-BF4B-00C04F79EFBC}") = "3_5", "3_5\3_5.csproj", "{C3D72269-87C7-4CF1-951B-AFCB819A7273}"
EndProject
Global
	GlobalSection(SolutionConfigurationPlatforms) = preSolution
		Debug|Any CPU = Debug|Any CPU
		Release|Any CPU = Release|Any CPU
	EndGlobalSection
	GlobalSection(ProjectConfigurationPlatforms) = postSolution
		{D87416C7-7899-4AF0-8517-5F3592DE51F6}.Debug|Any CPU.ActiveCfg = Debug|Any CPU
		{D87416C7-7899-4AF0-8517-5F3592DE51F6}.Debug|Any CPU.Build.0 = Debug|Any CPU
		{D87416C7-7899-4AF0-8517-5F3592DE51F6}.Release|Any CPU.ActiveCfg = Release|Any CPU
		{D87416C7-7899-4AF0-8517-5F3592DE51F6}.Release|Any CPU.Build.0 = Release|Any CPU
		{93989442-EDBA-4ABC-9E93-61E0B7A37100}.Debug|Any CPU.ActiveCfg = Debug|Any CPU
		{93989442-EDBA-4ABC-9E93-61E0B7A37100}.Debug|Any CPU.Build.0 = Debug|Any CPU
		{93989442-EDBA-4ABC-9E93-61E0B7A37100}.Release|Any CPU.ActiveCfg = Release|Any CPU
		{93989442-EDBA-4ABC-9E93-61E0B7A37100}.Release|Any CPU.Build.0 = Release|Any CPU
		{E5A6264E-F760-49D1-B46C-8A8020496C11}.Debug|Any CPU.ActiveCfg = Debug|Any CPU
		{E5A6264E-F760-49D1-B46C-8A8020496C11}.Debug|Any CPU.Build.0 = Debug|Any CPU
		{E5A6264E-F760-49D1-B46C-8A8020496C11}.Release|Any CPU.ActiveCfg = Release|Any CPU
		{E5A6264E-F760-49D1-B46C-8A8020496C11}.Release|Any CPU.Build.0 = Release|Any CPU
		{9C6EFB87-AEE8-4D33-986E-61B6B8D9FA17}.Debug|Any CPU.ActiveCfg = Debug|Any CPU
		{9C6EFB87-AEE8-4D33-986E-61B6B8D9FA17}.Debug|Any CPU.Build.0 = Debug|Any CPU
		{9C6EFB87-AEE8-4D33-986E-61B6B8D9FA17}.Release|Any CPU.ActiveCfg = Release|Any CPU
		{9C6EFB87-AEE8-4D33-986E-61B6B8D9FA17}.Release|Any CPU.Build.0 = Release|Any CPU
		{18AA557D-F79A-41AD-8364-C5871E333B79}.Debug|Any CPU.ActiveCfg = Debug|Any CPU
		{18AA557D-F79A-41AD-8364-C5871E333B79}.Debug|Any CPU.Build.0 = Debug|Any CPU
		{18AA557D-F79A-41AD-8364-C5871E333B79}.Release|Any CPU.ActiveCfg = Release|Any CPU
		{18AA557D-F79A-41AD-8364-C5871E333B79}.Release|Any CPU.Build.0 = Release|Any CPU
		{C3D72269-87C7-4CF1-951B-AFCB819A7273}.Debug|Any CPU.ActiveCfg = Debug|Any CPU
		{C3D72269-87C7-4CF1-951B-AFCB819A7273}.Debug|Any CPU.Build.0 = Debug|Any CPU
		{C3D72269-87C7-4CF1-951B-AFCB819A7273}.Release|Any CPU.ActiveCfg = Release|Any CPU
		{C3D72269-87C7-4CF1-951B-AFCB819A7273}.Release|Any CPU.Build.0 = Release|Any CPU
	EndGlobalSection
	GlobalSection(SolutionProperties) = preSolution
		HideSolutionNode = FALSE
	EndGlobalSection
	GlobalSection(ExtensibilityGlobals) = postSolution
		SolutionGuid = {0BB7C112-1865-4114-B2F7-44314579A087}
	EndGlobalSection
EndGlobal
