
Microsoft Visual Studio Solution File, Format Version 12.00
# Visual Studio Version 17
VisualStudioVersion = 17.3.32804.467
MinimumVisualStudioVersion = 10.0.40219.1
Project("{9A19103F-16F7-4668-BE54-9A1E7A4F7556}") = "Common", "Common\Common.csproj", "{4C321AF8-967E-44AB-9F66-2A664462712E}"
EndProject
Project("{9A19103F-16F7-4668-BE54-9A1E7A4F7556}") = "4_1", "4_1\4_1.csproj", "{927BBCFC-9DD2-4A7E-8672-327FC5CF2640}"
EndProject
Project("{9A19103F-16F7-4668-BE54-9A1E7A4F7556}") = "4_3", "4_3\4_3.csproj", "{325FA2C0-D72A-4C13-9FD9-FA77CCAE7B17}"
EndProject
Project("{9A19103F-16F7-4668-BE54-9A1E7A4F7556}") = "4_4", "4_4\4_4.csproj", "{C5E7E266-49CB-402E-BE0F-870E8BA937AD}"
EndProject
Project("{9A19103F-16F7-4668-BE54-9A1E7A4F7556}") = "4_5", "4_5\4_5.csproj", "{FCD57646-65CB-4B4C-AF93-5351C7D91114}"
EndProject
Project("{9A19103F-16F7-4668-BE54-9A1E7A4F7556}") = "4_6", "4_6\4_6.csproj", "{4A30401A-7E79-48FD-87A7-7658C7E72825}"
EndProject
Project("{9A19103F-16F7-4668-BE54-9A1E7A4F7556}") = "4_7", "4_7\4_7.csproj", "{FE01A280-A006-4764-A24B-74C9165F6062}"
EndProject
Project("{9A19103F-16F7-4668-BE54-9A1E7A4F7556}") = "4_8", "4_8\4_8.csproj", "{A7ECC4A1-2ABE-44FD-866F-4A444D78F09D}"
EndProject
Project("{FAE04EC0-301F-11D3-BF4B-00C04F79EFBC}") = "4_10", "4_10\4_10.csproj", "{CAAAB858-0C6C-4B13-BDFD-51070C9D045F}"
EndProject
Global
	GlobalSection(SolutionConfigurationPlatforms) = preSolution
		Debug|Any CPU = Debug|Any CPU
		Release|Any CPU = Release|Any CPU
	EndGlobalSection
	GlobalSection(ProjectConfigurationPlatforms) = postSolution
		{4C321AF8-967E-44AB-9F66-2A664462712E}.Debug|Any CPU.ActiveCfg = Debug|Any CPU
		{4C321AF8-967E-44AB-9F66-2A664462712E}.Debug|Any CPU.Build.0 = Debug|Any CPU
		{4C321AF8-967E-44AB-9F66-2A664462712E}.Release|Any CPU.ActiveCfg = Release|Any CPU
		{4C321AF8-967E-44AB-9F66-2A664462712E}.Release|Any CPU.Build.0 = Release|Any CPU
		{927BBCFC-9DD2-4A7E-8672-327FC5CF2640}.Debug|Any CPU.ActiveCfg = Debug|Any CPU
		{927BBCFC-9DD2-4A7E-8672-327FC5CF2640}.Debug|Any CPU.Build.0 = Debug|Any CPU
		{927BBCFC-9DD2-4A7E-8672-327FC5CF2640}.Release|Any CPU.ActiveCfg = Release|Any CPU
		{927BBCFC-9DD2-4A7E-8672-327FC5CF2640}.Release|Any CPU.Build.0 = Release|Any CPU
		{325FA2C0-D72A-4C13-9FD9-FA77CCAE7B17}.Debug|Any CPU.ActiveCfg = Debug|Any CPU
		{325FA2C0-D72A-4C13-9FD9-FA77CCAE7B17}.Debug|Any CPU.Build.0 = Debug|Any CPU
		{325FA2C0-D72A-4C13-9FD9-FA77CCAE7B17}.Release|Any CPU.ActiveCfg = Release|Any CPU
		{325FA2C0-D72A-4C13-9FD9-FA77CCAE7B17}.Release|Any CPU.Build.0 = Release|Any CPU
		{C5E7E266-49CB-402E-BE0F-870E8BA937AD}.Debug|Any CPU.ActiveCfg = Debug|Any CPU
		{C5E7E266-49CB-402E-BE0F-870E8BA937AD}.Debug|Any CPU.Build.0 = Debug|Any CPU
		{C5E7E266-49CB-402E-BE0F-870E8BA937AD}.Release|Any CPU.ActiveCfg = Release|Any CPU
		{C5E7E266-49CB-402E-BE0F-870E8BA937AD}.Release|Any CPU.Build.0 = Release|Any CPU
		{FCD57646-65CB-4B4C-AF93-5351C7D91114}.Debug|Any CPU.ActiveCfg = Debug|Any CPU
		{FCD57646-65CB-4B4C-AF93-5351C7D91114}.Debug|Any CPU.Build.0 = Debug|Any CPU
		{FCD57646-65CB-4B4C-AF93-5351C7D91114}.Release|Any CPU.ActiveCfg = Release|Any CPU
		{FCD57646-65CB-4B4C-AF93-5351C7D91114}.Release|Any CPU.Build.0 = Release|Any CPU
		{4A30401A-7E79-48FD-87A7-7658C7E72825}.Debug|Any CPU.ActiveCfg = Debug|Any CPU
		{4A30401A-7E79-48FD-87A7-7658C7E72825}.Debug|Any CPU.Build.0 = Debug|Any CPU
		{4A30401A-7E79-48FD-87A7-7658C7E72825}.Release|Any CPU.ActiveCfg = Release|Any CPU
		{4A30401A-7E79-48FD-87A7-7658C7E72825}.Release|Any CPU.Build.0 = Release|Any CPU
		{FE01A280-A006-4764-A24B-74C9165F6062}.Debug|Any CPU.ActiveCfg = Debug|Any CPU
		{FE01A280-A006-4764-A24B-74C9165F6062}.Debug|Any CPU.Build.0 = Debug|Any CPU
		{FE01A280-A006-4764-A24B-74C9165F6062}.Release|Any CPU.ActiveCfg = Release|Any CPU
		{FE01A280-A006-4764-A24B-74C9165F6062}.Release|Any CPU.Build.0 = Release|Any CPU
		{A7ECC4A1-2ABE-44FD-866F-4A444D78F09D}.Debug|Any CPU.ActiveCfg = Debug|Any CPU
		{A7ECC4A1-2ABE-44FD-866F-4A444D78F09D}.Debug|Any CPU.Build.0 = Debug|Any CPU
		{A7ECC4A1-2ABE-44FD-866F-4A444D78F09D}.Release|Any CPU.ActiveCfg = Release|Any CPU
		{A7ECC4A1-2ABE-44FD-866F-4A444D78F09D}.Release|Any CPU.Build.0 = Release|Any CPU
		{CAAAB858-0C6C-4B13-BDFD-51070C9D045F}.Debug|Any CPU.ActiveCfg = Debug|Any CPU
		{CAAAB858-0C6C-4B13-BDFD-51070C9D045F}.Debug|Any CPU.Build.0 = Debug|Any CPU
		{CAAAB858-0C6C-4B13-BDFD-51070C9D045F}.Release|Any CPU.ActiveCfg = Release|Any CPU
		{CAAAB858-0C6C-4B13-BDFD-51070C9D045F}.Release|Any CPU.Build.0 = Release|Any CPU
	EndGlobalSection
	GlobalSection(SolutionProperties) = preSolution
		HideSolutionNode = FALSE
	EndGlobalSection
	GlobalSection(ExtensibilityGlobals) = postSolution
		SolutionGuid = {F6409521-8D61-42C8-B360-763DD6F8A294}
	EndGlobalSection
EndGlobal
